Microsoft Visual Studio Solution File, Format Version 8.00
Project("{8BC9CEB8-8B4A-11D0-8D11-00A0C91BC942}") = "TreeCtrl", "TreeCtrl.vcproj", "{B3561798-D9E3-4386-80D5-882D31961515}"
	ProjectSection(ProjectDependencies) = postProject
	EndProjectSection
EndProject
Global
	GlobalSection(SolutionConfiguration) = preSolution
		Debug = Debug
		Release = Release
	EndGlobalSection
	GlobalSection(ProjectConfiguration) = postSolution
		{B3561798-D9E3-4386-80D5-882D31961515}.Debug.ActiveCfg = Debug|Win32
		{B3561798-D9E3-4386-80D5-882D31961515}.Debug.Build.0 = Debug|Win32
		{B3561798-D9E3-4386-80D5-882D31961515}.Release.ActiveCfg = Release|Win32
		{B3561798-D9E3-4386-80D5-882D31961515}.Release.Build.0 = Release|Win32
	EndGlobalSection
	GlobalSection(ExtensibilityGlobals) = postSolution
	EndGlobalSection
	GlobalSection(ExtensibilityAddIns) = postSolution
	EndGlobalSection
EndGlobal
